
Microsoft Visual Studio Solution File, Format Version 12.00
# Visual Studio Version 16
VisualStudioVersion = 16.0.30907.101
MinimumVisualStudioVersion = 10.0.40219.1
Project("{FAE04EC0-301F-11D3-BF4B-00C04F79EFBC}") = "IniFileSharp", "IniFileSharp\IniFileSharp.csproj", "{78EBF4BD-A7FB-4CE0-88F6-087C7CF83890}"
EndProject
Project("{FAE04EC0-301F-11D3-BF4B-00C04F79EFBC}") = "Test", "Test\Test.csproj", "{F849AA92-FB40-4982-82D7-DB4CE2810D6C}"
EndProject
Global
	GlobalSection(SolutionConfigurationPlatforms) = preSolution
		Debug|Any CPU = Debug|Any CPU
		Release|Any CPU = Release|Any CPU
	EndGlobalSection
	GlobalSection(ProjectConfigurationPlatforms) = postSolution
		{78EBF4BD-A7FB-4CE0-88F6-087C7CF83890}.Debug|Any CPU.ActiveCfg = Debug|Any CPU
		{78EBF4BD-A7FB-4CE0-88F6-087C7CF83890}.Debug|Any CPU.Build.0 = Debug|Any CPU
		{78EBF4BD-A7FB-4CE0-88F6-087C7CF83890}.Release|Any CPU.ActiveCfg = Release|Any CPU
		{78EBF4BD-A7FB-4CE0-88F6-087C7CF83890}.Release|Any CPU.Build.0 = Release|Any CPU
		{F849AA92-FB40-4982-82D7-DB4CE2810D6C}.Debug|Any CPU.ActiveCfg = Debug|Any CPU
		{F849AA92-FB40-4982-82D7-DB4CE2810D6C}.Debug|Any CPU.Build.0 = Debug|Any CPU
		{F849AA92-FB40-4982-82D7-DB4CE2810D6C}.Release|Any CPU.ActiveCfg = Release|Any CPU
		{F849AA92-FB40-4982-82D7-DB4CE2810D6C}.Release|Any CPU.Build.0 = Release|Any CPU
	EndGlobalSection
	GlobalSection(SolutionProperties) = preSolution
		HideSolutionNode = FALSE
	EndGlobalSection
	GlobalSection(ExtensibilityGlobals) = postSolution
		SolutionGuid = {361C7B00-0B6E-4D33-8E16-357975A0027B}
	EndGlobalSection
EndGlobal
